
Microsoft Visual Studio Solution File, Format Version 11.00
# Visual Studio 2010
Project("{FAE04EC0-301F-11D3-BF4B-00C04F79EFBC}") = "Common.MonoTouch", "Common\Common.MonoTouch.csproj", "{7B29D7AE-D8C6-46B2-BFF9-CE1B88E10355}"
EndProject
Project("{FAE04EC0-301F-11D3-BF4B-00C04F79EFBC}") = "Core.MonoTouch", "Core\Core.MonoTouch.csproj", "{9A11BF63-8F81-481C-92C6-16B61250DACB}"
EndProject
Project("{FAE04EC0-301F-11D3-BF4B-00C04F79EFBC}") = "Protocol.MonoTouch", "Protocol\Protocol.MonoTouch.csproj", "{9314AF2C-7426-40C0-A69D-6155CE190795}"
EndProject
Project("{FAE04EC0-301F-11D3-BF4B-00C04F79EFBC}") = "Proxy.MonoTouch", "Proxy\Proxy.MonoTouch.csproj", "{728B0348-525E-4F15-8765-FDA41CD417D5}"
EndProject
Global
	GlobalSection(SolutionConfigurationPlatforms) = preSolution
		Debug|Any CPU = Debug|Any CPU
		Release|Any CPU = Release|Any CPU
	EndGlobalSection
	GlobalSection(ProjectConfigurationPlatforms) = postSolution
		{7B29D7AE-D8C6-46B2-BFF9-CE1B88E10355}.Debug|Any CPU.ActiveCfg = Debug|Any CPU
		{7B29D7AE-D8C6-46B2-BFF9-CE1B88E10355}.Debug|Any CPU.Build.0 = Debug|Any CPU
		{7B29D7AE-D8C6-46B2-BFF9-CE1B88E10355}.Release|Any CPU.ActiveCfg = Release|Any CPU
		{7B29D7AE-D8C6-46B2-BFF9-CE1B88E10355}.Release|Any CPU.Build.0 = Release|Any CPU
		{9A11BF63-8F81-481C-92C6-16B61250DACB}.Debug|Any CPU.ActiveCfg = Debug|Any CPU
		{9A11BF63-8F81-481C-92C6-16B61250DACB}.Debug|Any CPU.Build.0 = Debug|Any CPU
		{9A11BF63-8F81-481C-92C6-16B61250DACB}.Release|Any CPU.ActiveCfg = Release|Any CPU
		{9A11BF63-8F81-481C-92C6-16B61250DACB}.Release|Any CPU.Build.0 = Release|Any CPU
		{9314AF2C-7426-40C0-A69D-6155CE190795}.Debug|Any CPU.ActiveCfg = Debug|Any CPU
		{9314AF2C-7426-40C0-A69D-6155CE190795}.Debug|Any CPU.Build.0 = Debug|Any CPU
		{9314AF2C-7426-40C0-A69D-6155CE190795}.Release|Any CPU.ActiveCfg = Release|Any CPU
		{9314AF2C-7426-40C0-A69D-6155CE190795}.Release|Any CPU.Build.0 = Release|Any CPU
		{728B0348-525E-4F15-8765-FDA41CD417D5}.Debug|Any CPU.ActiveCfg = Debug|Any CPU
		{728B0348-525E-4F15-8765-FDA41CD417D5}.Debug|Any CPU.Build.0 = Debug|Any CPU
		{728B0348-525E-4F15-8765-FDA41CD417D5}.Release|Any CPU.ActiveCfg = Release|Any CPU
		{728B0348-525E-4F15-8765-FDA41CD417D5}.Release|Any CPU.Build.0 = Release|Any CPU
	EndGlobalSection
	GlobalSection(SolutionProperties) = preSolution
		HideSolutionNode = FALSE
	EndGlobalSection
	GlobalSection(MonoDevelopProperties) = preSolution
		StartupItem = Core\Core.MonoDroid.csproj
	EndGlobalSection
EndGlobal
