
Microsoft Visual Studio Solution File, Format Version 11.00
# Visual Studio 2010
Project("{FAE04EC0-301F-11D3-BF4B-00C04F79EFBC}") = "SuperSocket.ClientEngine.SL40", "SuperSocket.ClientEngine.SL40.csproj", "{166C087B-5874-4E5B-B9EC-1963F3FAB17A}"
EndProject
Global
	GlobalSection(SolutionConfigurationPlatforms) = preSolution
		Debug|Any CPU = Debug|Any CPU
		Release|Any CPU = Release|Any CPU
	EndGlobalSection
	GlobalSection(ProjectConfigurationPlatforms) = postSolution
		{166C087B-5874-4E5B-B9EC-1963F3FAB17A}.Debug|Any CPU.ActiveCfg = Debug|Any CPU
		{166C087B-5874-4E5B-B9EC-1963F3FAB17A}.Debug|Any CPU.Build.0 = Debug|Any CPU
		{166C087B-5874-4E5B-B9EC-1963F3FAB17A}.Release|Any CPU.ActiveCfg = Release|Any CPU
		{166C087B-5874-4E5B-B9EC-1963F3FAB17A}.Release|Any CPU.Build.0 = Release|Any CPU
	EndGlobalSection
	GlobalSection(SolutionProperties) = preSolution
		HideSolutionNode = FALSE
	EndGlobalSection
EndGlobal
