
Microsoft Visual Studio Solution File, Format Version 12.00
# Visual Studio 14
VisualStudioVersion = 14.0.23107.0
MinimumVisualStudioVersion = 10.0.40219.1
Project("{FAE04EC0-301F-11D3-BF4B-00C04F79EFBC}") = "SuperSocket.ClientEngine.Net45", "SuperSocket.ClientEngine.Net45.csproj", "{8BBFBE4A-B91A-4DCC-92D5-FB0436E2544F}"
EndProject
Global
	GlobalSection(SolutionConfigurationPlatforms) = preSolution
		Debug|Any CPU = Debug|Any CPU
		Release|Any CPU = Release|Any CPU
	EndGlobalSection
	GlobalSection(ProjectConfigurationPlatforms) = postSolution
		{8BBFBE4A-B91A-4DCC-92D5-FB0436E2544F}.Debug|Any CPU.ActiveCfg = Debug|Any CPU
		{8BBFBE4A-B91A-4DCC-92D5-FB0436E2544F}.Debug|Any CPU.Build.0 = Debug|Any CPU
		{8BBFBE4A-B91A-4DCC-92D5-FB0436E2544F}.Release|Any CPU.ActiveCfg = Release|Any CPU
		{8BBFBE4A-B91A-4DCC-92D5-FB0436E2544F}.Release|Any CPU.Build.0 = Release|Any CPU
	EndGlobalSection
	GlobalSection(SolutionProperties) = preSolution
		HideSolutionNode = FALSE
	EndGlobalSection
EndGlobal
