
Microsoft Visual Studio Solution File, Format Version 12.00
# Visual Studio 14
VisualStudioVersion = 14.0.25123.0
MinimumVisualStudioVersion = 10.0.40219.1
Project("{FAE04EC0-301F-11D3-BF4B-00C04F79EFBC}") = "SuperSocket.ClientEngine.MonoTouch", "SuperSocket.ClientEngine.MonoTouch.csproj", "{C3792DC0-53BF-44AF-B0FF-C6F5D3D09150}"
EndProject
Project("{FAE04EC0-301F-11D3-BF4B-00C04F79EFBC}") = "SuperSocket.ClientEngine.iOS", "SuperSocket.ClientEngine.iOS.csproj", "{248C3574-53DB-4C21-B58E-80CC99B3296C}"
EndProject
Project("{FAE04EC0-301F-11D3-BF4B-00C04F79EFBC}") = "SuperSocket.ClientEngine.MonoDroid", "SuperSocket.ClientEngine.MonoDroid.csproj", "{1FECD16C-D200-4184-B2DF-9A5DE15CD3B1}"
EndProject
Global
	GlobalSection(SolutionConfigurationPlatforms) = preSolution
		Debug|Any CPU = Debug|Any CPU
		Release|Any CPU = Release|Any CPU
	EndGlobalSection
	GlobalSection(ProjectConfigurationPlatforms) = postSolution
		{C3792DC0-53BF-44AF-B0FF-C6F5D3D09150}.Debug|Any CPU.ActiveCfg = Debug|Any CPU
		{C3792DC0-53BF-44AF-B0FF-C6F5D3D09150}.Debug|Any CPU.Build.0 = Debug|Any CPU
		{C3792DC0-53BF-44AF-B0FF-C6F5D3D09150}.Release|Any CPU.ActiveCfg = Release|Any CPU
		{C3792DC0-53BF-44AF-B0FF-C6F5D3D09150}.Release|Any CPU.Build.0 = Release|Any CPU
		{248C3574-53DB-4C21-B58E-80CC99B3296C}.Debug|Any CPU.ActiveCfg = Debug|Any CPU
		{248C3574-53DB-4C21-B58E-80CC99B3296C}.Debug|Any CPU.Build.0 = Debug|Any CPU
		{248C3574-53DB-4C21-B58E-80CC99B3296C}.Release|Any CPU.ActiveCfg = Release|Any CPU
		{248C3574-53DB-4C21-B58E-80CC99B3296C}.Release|Any CPU.Build.0 = Release|Any CPU
		{1FECD16C-D200-4184-B2DF-9A5DE15CD3B1}.Debug|Any CPU.ActiveCfg = Debug|Any CPU
		{1FECD16C-D200-4184-B2DF-9A5DE15CD3B1}.Debug|Any CPU.Build.0 = Debug|Any CPU
		{1FECD16C-D200-4184-B2DF-9A5DE15CD3B1}.Release|Any CPU.ActiveCfg = Release|Any CPU
		{1FECD16C-D200-4184-B2DF-9A5DE15CD3B1}.Release|Any CPU.Build.0 = Release|Any CPU
	EndGlobalSection
	GlobalSection(SolutionProperties) = preSolution
		HideSolutionNode = FALSE
	EndGlobalSection
	GlobalSection(MonoDevelopProperties) = preSolution
		StartupItem = Core\Core.MonoDroid.csproj
	EndGlobalSection
EndGlobal
